// !$*UTF8*$!
{
	archiveVersion = 1;
	classes = {
	};
	objectVersion = 56;
	objects = {

/* Begin PBXBuildFile section */
		F6705D062B7C93B400F057DF /* Chomsky.otf in Resources */ = {isa = PBXBuildFile; fileRef = F6705D052B7C93B400F057DF /* Chomsky.otf */; };
		F6F4A6962B7C44EF0051D187 /* newsApp.swift in Sources */ = {isa = PBXBuildFile; fileRef = F6F4A6952B7C44EF0051D187 /* newsApp.swift */; };
		F6F4A69A2B7C44F00051D187 /* Assets.xcassets in Resources */ = {isa = PBXBuildFile; fileRef = F6F4A6992B7C44F00051D187 /* Assets.xcassets */; };
		F6F4A69D2B7C44F00051D187 /* Preview Assets.xcassets in Resources */ = {isa = PBXBuildFile; fileRef = F6F4A69C2B7C44F00051D187 /* Preview Assets.xcassets */; };
		F6F4A6A72B7C44F00051D187 /* newsTests.swift in Sources */ = {isa = PBXBuildFile; fileRef = F6F4A6A62B7C44F00051D187 /* newsTests.swift */; };
		F6F4A6B12B7C44F00051D187 /* newsUITests.swift in Sources */ = {isa = PBXBuildFile; fileRef = F6F4A6B02B7C44F00051D187 /* newsUITests.swift */; };
		F6F4A6B32B7C44F00051D187 /* newsUITestsLaunchTests.swift in Sources */ = {isa = PBXBuildFile; fileRef = F6F4A6B22B7C44F00051D187 /* newsUITestsLaunchTests.swift */; };
		F6F4A6C12B7C45AC0051D187 /* Alamofire in Frameworks */ = {isa = PBXBuildFile; productRef = F6F4A6C02B7C45AC0051D187 /* Alamofire */; };
		F6F4A6C42B7C45BB0051D187 /* SDWebImageSwiftUI in Frameworks */ = {isa = PBXBuildFile; productRef = F6F4A6C32B7C45BB0051D187 /* SDWebImageSwiftUI */; };
		F6F4A6C72B7C45D80051D187 /* SwiftyJSON in Frameworks */ = {isa = PBXBuildFile; productRef = F6F4A6C62B7C45D80051D187 /* SwiftyJSON */; };
		F6F4A6CA2B7C46400051D187 /* Lottie in Frameworks */ = {isa = PBXBuildFile; productRef = F6F4A6C92B7C46400051D187 /* Lottie */; };
		F6F4A6CD2B7C46B00051D187 /* SwiftUIFontIcon in Frameworks */ = {isa = PBXBuildFile; productRef = F6F4A6CC2B7C46B00051D187 /* SwiftUIFontIcon */; };
		F6F4A6D62B7C486E0051D187 /* ApiModule.swift in Sources */ = {isa = PBXBuildFile; fileRef = F6F4A6D52B7C486E0051D187 /* ApiModule.swift */; };
		F6F4A6D82B7C48BD0051D187 /* Extensions.swift in Sources */ = {isa = PBXBuildFile; fileRef = F6F4A6D72B7C48BD0051D187 /* Extensions.swift */; };
		F6F4A6DA2B7C48F90051D187 /* LottieViewNewsAnimation.swift in Sources */ = {isa = PBXBuildFile; fileRef = F6F4A6D92B7C48F90051D187 /* LottieViewNewsAnimation.swift */; };
		F6F4A6DC2B7C49850051D187 /* NewsModel.swift in Sources */ = {isa = PBXBuildFile; fileRef = F6F4A6DB2B7C49850051D187 /* NewsModel.swift */; };
		F6F4A6DE2B7C49B20051D187 /* NewsSourcesModel.swift in Sources */ = {isa = PBXBuildFile; fileRef = F6F4A6DD2B7C49B20051D187 /* NewsSourcesModel.swift */; };
		F6F4A6E02B7C49F00051D187 /* ApiNewsViewModel.swift in Sources */ = {isa = PBXBuildFile; fileRef = F6F4A6DF2B7C49F00051D187 /* ApiNewsViewModel.swift */; };
		F6F4A6E22B7C4A460051D187 /* SplashView.swift in Sources */ = {isa = PBXBuildFile; fileRef = F6F4A6E12B7C4A460051D187 /* SplashView.swift */; };
		F6F4A6E42B7C4A6F0051D187 /* MainView.swift in Sources */ = {isa = PBXBuildFile; fileRef = F6F4A6E32B7C4A6F0051D187 /* MainView.swift */; };
		F6F4A6EE2B7C7A870051D187 /* globe_news.json in Resources */ = {isa = PBXBuildFile; fileRef = F6F4A6ED2B7C7A860051D187 /* globe_news.json */; };
		F6F4A6F42B7C81FC0051D187 /* ButtonDisplay.swift in Sources */ = {isa = PBXBuildFile; fileRef = F6F4A6F32B7C81FC0051D187 /* ButtonDisplay.swift */; };
		F6F4A6F52B7C81FC0051D187 /* ButtonDisplay.swift in Sources */ = {isa = PBXBuildFile; fileRef = F6F4A6F32B7C81FC0051D187 /* ButtonDisplay.swift */; };
		F6F4A6F62B7C81FC0051D187 /* ButtonDisplay.swift in Sources */ = {isa = PBXBuildFile; fileRef = F6F4A6F32B7C81FC0051D187 /* ButtonDisplay.swift */; };
/* End PBXBuildFile section */

/* Begin PBXContainerItemProxy section */
		F6F4A6A32B7C44F00051D187 /* PBXContainerItemProxy */ = {
			isa = PBXContainerItemProxy;
			containerPortal = F6F4A68A2B7C44EF0051D187 /* Project object */;
			proxyType = 1;
			remoteGlobalIDString = F6F4A6912B7C44EF0051D187;
			remoteInfo = news;
		};
		F6F4A6AD2B7C44F00051D187 /* PBXContainerItemProxy */ = {
			isa = PBXContainerItemProxy;
			containerPortal = F6F4A68A2B7C44EF0051D187 /* Project object */;
			proxyType = 1;
			remoteGlobalIDString = F6F4A6912B7C44EF0051D187;
			remoteInfo = news;
		};
/* End PBXContainerItemProxy section */

/* Begin PBXFileReference section */
		F6705D052B7C93B400F057DF /* Chomsky.otf */ = {isa = PBXFileReference; lastKnownFileType = file; path = Chomsky.otf; sourceTree = "<group>"; };
		F6F4A6922B7C44EF0051D187 /* news.app */ = {isa = PBXFileReference; explicitFileType = wrapper.application; includeInIndex = 0; path = news.app; sourceTree = BUILT_PRODUCTS_DIR; };
		F6F4A6952B7C44EF0051D187 /* newsApp.swift */ = {isa = PBXFileReference; lastKnownFileType = sourcecode.swift; path = newsApp.swift; sourceTree = "<group>"; };
		F6F4A6992B7C44F00051D187 /* Assets.xcassets */ = {isa = PBXFileReference; lastKnownFileType = folder.assetcatalog; path = Assets.xcassets; sourceTree = "<group>"; };
		F6F4A69C2B7C44F00051D187 /* Preview Assets.xcassets */ = {isa = PBXFileReference; lastKnownFileType = folder.assetcatalog; path = "Preview Assets.xcassets"; sourceTree = "<group>"; };
		F6F4A6A22B7C44F00051D187 /* newsTests.xctest */ = {isa = PBXFileReference; explicitFileType = wrapper.cfbundle; includeInIndex = 0; path = newsTests.xctest; sourceTree = BUILT_PRODUCTS_DIR; };
		F6F4A6A62B7C44F00051D187 /* newsTests.swift */ = {isa = PBXFileReference; lastKnownFileType = sourcecode.swift; path = newsTests.swift; sourceTree = "<group>"; };
		F6F4A6AC2B7C44F00051D187 /* newsUITests.xctest */ = {isa = PBXFileReference; explicitFileType = wrapper.cfbundle; includeInIndex = 0; path = newsUITests.xctest; sourceTree = BUILT_PRODUCTS_DIR; };
		F6F4A6B02B7C44F00051D187 /* newsUITests.swift */ = {isa = PBXFileReference; lastKnownFileType = sourcecode.swift; path = newsUITests.swift; sourceTree = "<group>"; };
		F6F4A6B22B7C44F00051D187 /* newsUITestsLaunchTests.swift */ = {isa = PBXFileReference; lastKnownFileType = sourcecode.swift; path = newsUITestsLaunchTests.swift; sourceTree = "<group>"; };
		F6F4A6D52B7C486E0051D187 /* ApiModule.swift */ = {isa = PBXFileReference; lastKnownFileType = sourcecode.swift; path = ApiModule.swift; sourceTree = "<group>"; };
		F6F4A6D72B7C48BD0051D187 /* Extensions.swift */ = {isa = PBXFileReference; lastKnownFileType = sourcecode.swift; path = Extensions.swift; sourceTree = "<group>"; };
		F6F4A6D92B7C48F90051D187 /* LottieViewNewsAnimation.swift */ = {isa = PBXFileReference; lastKnownFileType = sourcecode.swift; path = LottieViewNewsAnimation.swift; sourceTree = "<group>"; };
		F6F4A6DB2B7C49850051D187 /* NewsModel.swift */ = {isa = PBXFileReference; lastKnownFileType = sourcecode.swift; path = NewsModel.swift; sourceTree = "<group>"; };
		F6F4A6DD2B7C49B20051D187 /* NewsSourcesModel.swift */ = {isa = PBXFileReference; lastKnownFileType = sourcecode.swift; path = NewsSourcesModel.swift; sourceTree = "<group>"; };
		F6F4A6DF2B7C49F00051D187 /* ApiNewsViewModel.swift */ = {isa = PBXFileReference; lastKnownFileType = sourcecode.swift; path = ApiNewsViewModel.swift; sourceTree = "<group>"; };
		F6F4A6E12B7C4A460051D187 /* SplashView.swift */ = {isa = PBXFileReference; lastKnownFileType = sourcecode.swift; path = SplashView.swift; sourceTree = "<group>"; };
		F6F4A6E32B7C4A6F0051D187 /* MainView.swift */ = {isa = PBXFileReference; lastKnownFileType = sourcecode.swift; path = MainView.swift; sourceTree = "<group>"; };
		F6F4A6EC2B7C78DE0051D187 /* Info.plist */ = {isa = PBXFileReference; lastKnownFileType = text.plist; path = Info.plist; sourceTree = "<group>"; };
		F6F4A6ED2B7C7A860051D187 /* globe_news.json */ = {isa = PBXFileReference; fileEncoding = 4; lastKnownFileType = text.json; path = globe_news.json; sourceTree = "<group>"; };
		F6F4A6F32B7C81FC0051D187 /* ButtonDisplay.swift */ = {isa = PBXFileReference; lastKnownFileType = sourcecode.swift; path = ButtonDisplay.swift; sourceTree = "<group>"; };
/* End PBXFileReference section */

/* Begin PBXFrameworksBuildPhase section */
		F6F4A68F2B7C44EF0051D187 /* Frameworks */ = {
			isa = PBXFrameworksBuildPhase;
			buildActionMask = 2147483647;
			files = (
				F6F4A6C72B7C45D80051D187 /* SwiftyJSON in Frameworks */,
				F6F4A6C42B7C45BB0051D187 /* SDWebImageSwiftUI in Frameworks */,
				F6F4A6C12B7C45AC0051D187 /* Alamofire in Frameworks */,
				F6F4A6CD2B7C46B00051D187 /* SwiftUIFontIcon in Frameworks */,
				F6F4A6CA2B7C46400051D187 /* Lottie in Frameworks */,
			);
			runOnlyForDeploymentPostprocessing = 0;
		};
		F6F4A69F2B7C44F00051D187 /* Frameworks */ = {
			isa = PBXFrameworksBuildPhase;
			buildActionMask = 2147483647;
			files = (
			);
			runOnlyForDeploymentPostprocessing = 0;
		};
		F6F4A6A92B7C44F00051D187 /* Frameworks */ = {
			isa = PBXFrameworksBuildPhase;
			buildActionMask = 2147483647;
			files = (
			);
			runOnlyForDeploymentPostprocessing = 0;
		};
/* End PBXFrameworksBuildPhase section */

/* Begin PBXGroup section */
		F6705D042B7C938800F057DF /* font */ = {
			isa = PBXGroup;
			children = (
			);
			path = font;
			sourceTree = "<group>";
		};
		F6F4A6892B7C44EF0051D187 = {
			isa = PBXGroup;
			children = (
				F6F4A6942B7C44EF0051D187 /* news */,
				F6F4A6A52B7C44F00051D187 /* newsTests */,
				F6F4A6AF2B7C44F00051D187 /* newsUITests */,
				F6F4A6932B7C44EF0051D187 /* Products */,
			);
			sourceTree = "<group>";
		};
		F6F4A6932B7C44EF0051D187 /* Products */ = {
			isa = PBXGroup;
			children = (
				F6F4A6922B7C44EF0051D187 /* news.app */,
				F6F4A6A22B7C44F00051D187 /* newsTests.xctest */,
				F6F4A6AC2B7C44F00051D187 /* newsUITests.xctest */,
			);
			name = Products;
			sourceTree = "<group>";
		};
		F6F4A6942B7C44EF0051D187 /* news */ = {
			isa = PBXGroup;
			children = (
				F6705D042B7C938800F057DF /* font */,
				F6705D052B7C93B400F057DF /* Chomsky.otf */,
				F6F4A6EC2B7C78DE0051D187 /* Info.plist */,
				F6F4A6D42B7C47F30051D187 /* apiModule */,
				F6F4A6D22B7C47C40051D187 /* model */,
				F6F4A6D12B7C47B20051D187 /* viewModel */,
				F6F4A6D02B7C47A70051D187 /* view */,
				F6F4A6CF2B7C47970051D187 /* lottieFiles */,
				F6F4A6CE2B7C478A0051D187 /* utils */,
				F6F4A6952B7C44EF0051D187 /* newsApp.swift */,
				F6F4A6992B7C44F00051D187 /* Assets.xcassets */,
				F6F4A69B2B7C44F00051D187 /* Preview Content */,
			);
			path = news;
			sourceTree = "<group>";
		};
		F6F4A69B2B7C44F00051D187 /* Preview Content */ = {
			isa = PBXGroup;
			children = (
				F6F4A69C2B7C44F00051D187 /* Preview Assets.xcassets */,
			);
			path = "Preview Content";
			sourceTree = "<group>";
		};
		F6F4A6A52B7C44F00051D187 /* newsTests */ = {
			isa = PBXGroup;
			children = (
				F6F4A6A62B7C44F00051D187 /* newsTests.swift */,
			);
			path = newsTests;
			sourceTree = "<group>";
		};
		F6F4A6AF2B7C44F00051D187 /* newsUITests */ = {
			isa = PBXGroup;
			children = (
				F6F4A6B02B7C44F00051D187 /* newsUITests.swift */,
				F6F4A6B22B7C44F00051D187 /* newsUITestsLaunchTests.swift */,
			);
			path = newsUITests;
			sourceTree = "<group>";
		};
		F6F4A6CE2B7C478A0051D187 /* utils */ = {
			isa = PBXGroup;
			children = (
				F6F4A6D72B7C48BD0051D187 /* Extensions.swift */,
				F6F4A6D92B7C48F90051D187 /* LottieViewNewsAnimation.swift */,
			);
			path = utils;
			sourceTree = "<group>";
		};
		F6F4A6CF2B7C47970051D187 /* lottieFiles */ = {
			isa = PBXGroup;
			children = (
				F6F4A6ED2B7C7A860051D187 /* globe_news.json */,
			);
			path = lottieFiles;
			sourceTree = "<group>";
		};
		F6F4A6D02B7C47A70051D187 /* view */ = {
			isa = PBXGroup;
			children = (
				F6F4A6E12B7C4A460051D187 /* SplashView.swift */,
				F6F4A6E32B7C4A6F0051D187 /* MainView.swift */,
				F6F4A6F32B7C81FC0051D187 /* ButtonDisplay.swift */,
			);
			path = view;
			sourceTree = "<group>";
		};
		F6F4A6D12B7C47B20051D187 /* viewModel */ = {
			isa = PBXGroup;
			children = (
				F6F4A6DF2B7C49F00051D187 /* ApiNewsViewModel.swift */,
			);
			path = viewModel;
			sourceTree = "<group>";
		};
		F6F4A6D22B7C47C40051D187 /* model */ = {
			isa = PBXGroup;
			children = (
				F6F4A6DB2B7C49850051D187 /* NewsModel.swift */,
				F6F4A6DD2B7C49B20051D187 /* NewsSourcesModel.swift */,
			);
			path = model;
			sourceTree = "<group>";
		};
		F6F4A6D42B7C47F30051D187 /* apiModule */ = {
			isa = PBXGroup;
			children = (
				F6F4A6D52B7C486E0051D187 /* ApiModule.swift */,
			);
			path = apiModule;
			sourceTree = "<group>";
		};
/* End PBXGroup section */

/* Begin PBXNativeTarget section */
		F6F4A6912B7C44EF0051D187 /* news */ = {
			isa = PBXNativeTarget;
			buildConfigurationList = F6F4A6B62B7C44F00051D187 /* Build configuration list for PBXNativeTarget "news" */;
			buildPhases = (
				F6F4A68E2B7C44EF0051D187 /* Sources */,
				F6F4A68F2B7C44EF0051D187 /* Frameworks */,
				F6F4A6902B7C44EF0051D187 /* Resources */,
			);
			buildRules = (
			);
			dependencies = (
			);
			name = news;
			packageProductDependencies = (
				F6F4A6C02B7C45AC0051D187 /* Alamofire */,
				F6F4A6C32B7C45BB0051D187 /* SDWebImageSwiftUI */,
				F6F4A6C62B7C45D80051D187 /* SwiftyJSON */,
				F6F4A6C92B7C46400051D187 /* Lottie */,
				F6F4A6CC2B7C46B00051D187 /* SwiftUIFontIcon */,
			);
			productName = news;
			productReference = F6F4A6922B7C44EF0051D187 /* news.app */;
			productType = "com.apple.product-type.application";
		};
		F6F4A6A12B7C44F00051D187 /* newsTests */ = {
			isa = PBXNativeTarget;
			buildConfigurationList = F6F4A6B92B7C44F00051D187 /* Build configuration list for PBXNativeTarget "newsTests" */;
			buildPhases = (
				F6F4A69E2B7C44F00051D187 /* Sources */,
				F6F4A69F2B7C44F00051D187 /* Frameworks */,
				F6F4A6A02B7C44F00051D187 /* Resources */,
			);
			buildRules = (
			);
			dependencies = (
				F6F4A6A42B7C44F00051D187 /* PBXTargetDependency */,
			);
			name = newsTests;
			productName = newsTests;
			productReference = F6F4A6A22B7C44F00051D187 /* newsTests.xctest */;
			productType = "com.apple.product-type.bundle.unit-test";
		};
		F6F4A6AB2B7C44F00051D187 /* newsUITests */ = {
			isa = PBXNativeTarget;
			buildConfigurationList = F6F4A6BC2B7C44F00051D187 /* Build configuration list for PBXNativeTarget "newsUITests" */;
			buildPhases = (
				F6F4A6A82B7C44F00051D187 /* Sources */,
				F6F4A6A92B7C44F00051D187 /* Frameworks */,
				F6F4A6AA2B7C44F00051D187 /* Resources */,
			);
			buildRules = (
			);
			dependencies = (
				F6F4A6AE2B7C44F00051D187 /* PBXTargetDependency */,
			);
			name = newsUITests;
			productName = newsUITests;
			productReference = F6F4A6AC2B7C44F00051D187 /* newsUITests.xctest */;
			productType = "com.apple.product-type.bundle.ui-testing";
		};
/* End PBXNativeTarget section */

/* Begin PBXProject section */
		F6F4A68A2B7C44EF0051D187 /* Project object */ = {
			isa = PBXProject;
			attributes = {
				BuildIndependentTargetsInParallel = 1;
				LastSwiftUpdateCheck = 1500;
				LastUpgradeCheck = 1500;
				TargetAttributes = {
					F6F4A6912B7C44EF0051D187 = {
						CreatedOnToolsVersion = 15.0.1;
					};
					F6F4A6A12B7C44F00051D187 = {
						CreatedOnToolsVersion = 15.0.1;
						TestTargetID = F6F4A6912B7C44EF0051D187;
					};
					F6F4A6AB2B7C44F00051D187 = {
						CreatedOnToolsVersion = 15.0.1;
						TestTargetID = F6F4A6912B7C44EF0051D187;
					};
				};
			};
			buildConfigurationList = F6F4A68D2B7C44EF0051D187 /* Build configuration list for PBXProject "news" */;
			compatibilityVersion = "Xcode 14.0";
			developmentRegion = en;
			hasScannedForEncodings = 0;
			knownRegions = (
				en,
				Base,
			);
			mainGroup = F6F4A6892B7C44EF0051D187;
			packageReferences = (
				F6F4A6BF2B7C45AC0051D187 /* XCRemoteSwiftPackageReference "Alamofire" */,
				F6F4A6C22B7C45BB0051D187 /* XCRemoteSwiftPackageReference "SDWebImageSwiftUI" */,
				F6F4A6C52B7C45D80051D187 /* XCRemoteSwiftPackageReference "SwiftyJSON" */,
				F6F4A6C82B7C46400051D187 /* XCRemoteSwiftPackageReference "lottie-spm" */,
				F6F4A6CB2B7C46B00051D187 /* XCRemoteSwiftPackageReference "SwiftUIFontIcon" */,
			);
			productRefGroup = F6F4A6932B7C44EF0051D187 /* Products */;
			projectDirPath = "";
			projectRoot = "";
			targets = (
				F6F4A6912B7C44EF0051D187 /* news */,
				F6F4A6A12B7C44F00051D187 /* newsTests */,
				F6F4A6AB2B7C44F00051D187 /* newsUITests */,
			);
		};
/* End PBXProject section */

/* Begin PBXResourcesBuildPhase section */
		F6F4A6902B7C44EF0051D187 /* Resources */ = {
			isa = PBXResourcesBuildPhase;
			buildActionMask = 2147483647;
			files = (
				F6705D062B7C93B400F057DF /* Chomsky.otf in Resources */,
				F6F4A6EE2B7C7A870051D187 /* globe_news.json in Resources */,
				F6F4A69D2B7C44F00051D187 /* Preview Assets.xcassets in Resources */,
				F6F4A69A2B7C44F00051D187 /* Assets.xcassets in Resources */,
			);
			runOnlyForDeploymentPostprocessing = 0;
		};
		F6F4A6A02B7C44F00051D187 /* Resources */ = {
			isa = PBXResourcesBuildPhase;
			buildActionMask = 2147483647;
			files = (
			);
			runOnlyForDeploymentPostprocessing = 0;
		};
		F6F4A6AA2B7C44F00051D187 /* Resources */ = {
			isa = PBXResourcesBuildPhase;
			buildActionMask = 2147483647;
			files = (
			);
			runOnlyForDeploymentPostprocessing = 0;
		};
/* End PBXResourcesBuildPhase section */

/* Begin PBXSourcesBuildPhase section */
		F6F4A68E2B7C44EF0051D187 /* Sources */ = {
			isa = PBXSourcesBuildPhase;
			buildActionMask = 2147483647;
			files = (
				F6F4A6DA2B7C48F90051D187 /* LottieViewNewsAnimation.swift in Sources */,
				F6F4A6E42B7C4A6F0051D187 /* MainView.swift in Sources */,
				F6F4A6F42B7C81FC0051D187 /* ButtonDisplay.swift in Sources */,
				F6F4A6E22B7C4A460051D187 /* SplashView.swift in Sources */,
				F6F4A6DE2B7C49B20051D187 /* NewsSourcesModel.swift in Sources */,
				F6F4A6D62B7C486E0051D187 /* ApiModule.swift in Sources */,
				F6F4A6D82B7C48BD0051D187 /* Extensions.swift in Sources */,
				F6F4A6962B7C44EF0051D187 /* newsApp.swift in Sources */,
				F6F4A6DC2B7C49850051D187 /* NewsModel.swift in Sources */,
				F6F4A6E02B7C49F00051D187 /* ApiNewsViewModel.swift in Sources */,
			);
			runOnlyForDeploymentPostprocessing = 0;
		};
		F6F4A69E2B7C44F00051D187 /* Sources */ = {
			isa = PBXSourcesBuildPhase;
			buildActionMask = 2147483647;
			files = (
				F6F4A6F52B7C81FC0051D187 /* ButtonDisplay.swift in Sources */,
				F6F4A6A72B7C44F00051D187 /* newsTests.swift in Sources */,
			);
			runOnlyForDeploymentPostprocessing = 0;
		};
		F6F4A6A82B7C44F00051D187 /* Sources */ = {
			isa = PBXSourcesBuildPhase;
			buildActionMask = 2147483647;
			files = (
				F6F4A6B12B7C44F00051D187 /* newsUITests.swift in Sources */,
				F6F4A6F62B7C81FC0051D187 /* ButtonDisplay.swift in Sources */,
				F6F4A6B32B7C44F00051D187 /* newsUITestsLaunchTests.swift in Sources */,
			);
			runOnlyForDeploymentPostprocessing = 0;
		};
/* End PBXSourcesBuildPhase section */

/* Begin PBXTargetDependency section */
		F6F4A6A42B7C44F00051D187 /* PBXTargetDependency */ = {
			isa = PBXTargetDependency;
			target = F6F4A6912B7C44EF0051D187 /* news */;
			targetProxy = F6F4A6A32B7C44F00051D187 /* PBXContainerItemProxy */;
		};
		F6F4A6AE2B7C44F00051D187 /* PBXTargetDependency */ = {
			isa = PBXTargetDependency;
			target = F6F4A6912B7C44EF0051D187 /* news */;
			targetProxy = F6F4A6AD2B7C44F00051D187 /* PBXContainerItemProxy */;
		};
/* End PBXTargetDependency section */

/* Begin XCBuildConfiguration section */
		F6F4A6B42B7C44F00051D187 /* Debug */ = {
			isa = XCBuildConfiguration;
			buildSettings = {
				ALWAYS_SEARCH_USER_PATHS = NO;
				ASSETCATALOG_COMPILER_GENERATE_SWIFT_ASSET_SYMBOL_EXTENSIONS = YES;
				CLANG_ANALYZER_NONNULL = YES;
				CLANG_ANALYZER_NUMBER_OBJECT_CONVERSION = YES_AGGRESSIVE;
				CLANG_CXX_LANGUAGE_STANDARD = "gnu++20";
				CLANG_ENABLE_MODULES = YES;
				CLANG_ENABLE_OBJC_ARC = YES;
				CLANG_ENABLE_OBJC_WEAK = YES;
				CLANG_WARN_BLOCK_CAPTURE_AUTORELEASING = YES;
				CLANG_WARN_BOOL_CONVERSION = YES;
				CLANG_WARN_COMMA = YES;
				CLANG_WARN_CONSTANT_CONVERSION = YES;
				CLANG_WARN_DEPRECATED_OBJC_IMPLEMENTATIONS = YES;
				CLANG_WARN_DIRECT_OBJC_ISA_USAGE = YES_ERROR;
				CLANG_WARN_DOCUMENTATION_COMMENTS = YES;
				CLANG_WARN_EMPTY_BODY = YES;
				CLANG_WARN_ENUM_CONVERSION = YES;
				CLANG_WARN_INFINITE_RECURSION = YES;
				CLANG_WARN_INT_CONVERSION = YES;
				CLANG_WARN_NON_LITERAL_NULL_CONVERSION = YES;
				CLANG_WARN_OBJC_IMPLICIT_RETAIN_SELF = YES;
				CLANG_WARN_OBJC_LITERAL_CONVERSION = YES;
				CLANG_WARN_OBJC_ROOT_CLASS = YES_ERROR;
				CLANG_WARN_QUOTED_INCLUDE_IN_FRAMEWORK_HEADER = YES;
				CLANG_WARN_RANGE_LOOP_ANALYSIS = YES;
				CLANG_WARN_STRICT_PROTOTYPES = YES;
				CLANG_WARN_SUSPICIOUS_MOVE = YES;
				CLANG_WARN_UNGUARDED_AVAILABILITY = YES_AGGRESSIVE;
				CLANG_WARN_UNREACHABLE_CODE = YES;
				CLANG_WARN__DUPLICATE_METHOD_MATCH = YES;
				COPY_PHASE_STRIP = NO;
				DEBUG_INFORMATION_FORMAT = dwarf;
				ENABLE_STRICT_OBJC_MSGSEND = YES;
				ENABLE_TESTABILITY = YES;
				ENABLE_USER_SCRIPT_SANDBOXING = YES;
				GCC_C_LANGUAGE_STANDARD = gnu17;
				GCC_DYNAMIC_NO_PIC = NO;
				GCC_NO_COMMON_BLOCKS = YES;
				GCC_OPTIMIZATION_LEVEL = 0;
				GCC_PREPROCESSOR_DEFINITIONS = (
					"DEBUG=1",
					"$(inherited)",
				);
				GCC_WARN_64_TO_32_BIT_CONVERSION = YES;
				GCC_WARN_ABOUT_RETURN_TYPE = YES_ERROR;
				GCC_WARN_UNDECLARED_SELECTOR = YES;
				GCC_WARN_UNINITIALIZED_AUTOS = YES_AGGRESSIVE;
				GCC_WARN_UNUSED_FUNCTION = YES;
				GCC_WARN_UNUSED_VARIABLE = YES;
				IPHONEOS_DEPLOYMENT_TARGET = 17.0;
				LOCALIZATION_PREFERS_STRING_CATALOGS = YES;
				MTL_ENABLE_DEBUG_INFO = INCLUDE_SOURCE;
				MTL_FAST_MATH = YES;
				ONLY_ACTIVE_ARCH = YES;
				SDKROOT = iphoneos;
				SWIFT_ACTIVE_COMPILATION_CONDITIONS = "DEBUG $(inherited)";
				SWIFT_OPTIMIZATION_LEVEL = "-Onone";
			};
			name = Debug;
		};
		F6F4A6B52B7C44F00051D187 /* Release */ = {
			isa = XCBuildConfiguration;
			buildSettings = {
				ALWAYS_SEARCH_USER_PATHS = NO;
				ASSETCATALOG_COMPILER_GENERATE_SWIFT_ASSET_SYMBOL_EXTENSIONS = YES;
				CLANG_ANALYZER_NONNULL = YES;
				CLANG_ANALYZER_NUMBER_OBJECT_CONVERSION = YES_AGGRESSIVE;
				CLANG_CXX_LANGUAGE_STANDARD = "gnu++20";
				CLANG_ENABLE_MODULES = YES;
				CLANG_ENABLE_OBJC_ARC = YES;
				CLANG_ENABLE_OBJC_WEAK = YES;
				CLANG_WARN_BLOCK_CAPTURE_AUTORELEASING = YES;
				CLANG_WARN_BOOL_CONVERSION = YES;
				CLANG_WARN_COMMA = YES;
				CLANG_WARN_CONSTANT_CONVERSION = YES;
				CLANG_WARN_DEPRECATED_OBJC_IMPLEMENTATIONS = YES;
				CLANG_WARN_DIRECT_OBJC_ISA_USAGE = YES_ERROR;
				CLANG_WARN_DOCUMENTATION_COMMENTS = YES;
				CLANG_WARN_EMPTY_BODY = YES;
				CLANG_WARN_ENUM_CONVERSION = YES;
				CLANG_WARN_INFINITE_RECURSION = YES;
				CLANG_WARN_INT_CONVERSION = YES;
				CLANG_WARN_NON_LITERAL_NULL_CONVERSION = YES;
				CLANG_WARN_OBJC_IMPLICIT_RETAIN_SELF = YES;
				CLANG_WARN_OBJC_LITERAL_CONVERSION = YES;
				CLANG_WARN_OBJC_ROOT_CLASS = YES_ERROR;
				CLANG_WARN_QUOTED_INCLUDE_IN_FRAMEWORK_HEADER = YES;
				CLANG_WARN_RANGE_LOOP_ANALYSIS = YES;
				CLANG_WARN_STRICT_PROTOTYPES = YES;
				CLANG_WARN_SUSPICIOUS_MOVE = YES;
				CLANG_WARN_UNGUARDED_AVAILABILITY = YES_AGGRESSIVE;
				CLANG_WARN_UNREACHABLE_CODE = YES;
				CLANG_WARN__DUPLICATE_METHOD_MATCH = YES;
				COPY_PHASE_STRIP = NO;
				DEBUG_INFORMATION_FORMAT = "dwarf-with-dsym";
				ENABLE_NS_ASSERTIONS = NO;
				ENABLE_STRICT_OBJC_MSGSEND = YES;
				ENABLE_USER_SCRIPT_SANDBOXING = YES;
				GCC_C_LANGUAGE_STANDARD = gnu17;
				GCC_NO_COMMON_BLOCKS = YES;
				GCC_WARN_64_TO_32_BIT_CONVERSION = YES;
				GCC_WARN_ABOUT_RETURN_TYPE = YES_ERROR;
				GCC_WARN_UNDECLARED_SELECTOR = YES;
				GCC_WARN_UNINITIALIZED_AUTOS = YES_AGGRESSIVE;
				GCC_WARN_UNUSED_FUNCTION = YES;
				GCC_WARN_UNUSED_VARIABLE = YES;
				IPHONEOS_DEPLOYMENT_TARGET = 17.0;
				LOCALIZATION_PREFERS_STRING_CATALOGS = YES;
				MTL_ENABLE_DEBUG_INFO = NO;
				MTL_FAST_MATH = YES;
				SDKROOT = iphoneos;
				SWIFT_COMPILATION_MODE = wholemodule;
				VALIDATE_PRODUCT = YES;
			};
			name = Release;
		};
		F6F4A6B72B7C44F00051D187 /* Debug */ = {
			isa = XCBuildConfiguration;
			buildSettings = {
				ASSETCATALOG_COMPILER_APPICON_NAME = AppIcon;
				ASSETCATALOG_COMPILER_GLOBAL_ACCENT_COLOR_NAME = AccentColor;
				CODE_SIGN_STYLE = Automatic;
				CURRENT_PROJECT_VERSION = 1;
				DEVELOPMENT_ASSET_PATHS = "\"news/Preview Content\"";
				ENABLE_PREVIEWS = YES;
				GENERATE_INFOPLIST_FILE = YES;
				INFOPLIST_FILE = news/Info.plist;
				INFOPLIST_KEY_UIApplicationSceneManifest_Generation = YES;
				INFOPLIST_KEY_UIApplicationSupportsIndirectInputEvents = YES;
				INFOPLIST_KEY_UILaunchScreen_Generation = YES;
				INFOPLIST_KEY_UISupportedInterfaceOrientations_iPad = "UIInterfaceOrientationPortrait UIInterfaceOrientationPortraitUpsideDown UIInterfaceOrientationLandscapeLeft UIInterfaceOrientationLandscapeRight";
				INFOPLIST_KEY_UISupportedInterfaceOrientations_iPhone = "UIInterfaceOrientationPortrait UIInterfaceOrientationLandscapeLeft UIInterfaceOrientationLandscapeRight";
				LD_RUNPATH_SEARCH_PATHS = (
					"$(inherited)",
					"@executable_path/Frameworks",
				);
				MARKETING_VERSION = 1.0;
				PRODUCT_BUNDLE_IDENTIFIER = Felipe.news;
				PRODUCT_NAME = "$(TARGET_NAME)";
				SWIFT_EMIT_LOC_STRINGS = YES;
				SWIFT_VERSION = 5.0;
				TARGETED_DEVICE_FAMILY = "1,2";
			};
			name = Debug;
		};
		F6F4A6B82B7C44F00051D187 /* Release */ = {
			isa = XCBuildConfiguration;
			buildSettings = {
				ASSETCATALOG_COMPILER_APPICON_NAME = AppIcon;
				ASSETCATALOG_COMPILER_GLOBAL_ACCENT_COLOR_NAME = AccentColor;
				CODE_SIGN_STYLE = Automatic;
				CURRENT_PROJECT_VERSION = 1;
				DEVELOPMENT_ASSET_PATHS = "\"news/Preview Content\"";
				ENABLE_PREVIEWS = YES;
				GENERATE_INFOPLIST_FILE = YES;
				INFOPLIST_FILE = news/Info.plist;
				INFOPLIST_KEY_UIApplicationSceneManifest_Generation = YES;
				INFOPLIST_KEY_UIApplicationSupportsIndirectInputEvents = YES;
				INFOPLIST_KEY_UILaunchScreen_Generation = YES;
				INFOPLIST_KEY_UISupportedInterfaceOrientations_iPad = "UIInterfaceOrientationPortrait UIInterfaceOrientationPortraitUpsideDown UIInterfaceOrientationLandscapeLeft UIInterfaceOrientationLandscapeRight";
				INFOPLIST_KEY_UISupportedInterfaceOrientations_iPhone = "UIInterfaceOrientationPortrait UIInterfaceOrientationLandscapeLeft UIInterfaceOrientationLandscapeRight";
				LD_RUNPATH_SEARCH_PATHS = (
					"$(inherited)",
					"@executable_path/Frameworks",
				);
				MARKETING_VERSION = 1.0;
				PRODUCT_BUNDLE_IDENTIFIER = Felipe.news;
				PRODUCT_NAME = "$(TARGET_NAME)";
				SWIFT_EMIT_LOC_STRINGS = YES;
				SWIFT_VERSION = 5.0;
				TARGETED_DEVICE_FAMILY = "1,2";
			};
			name = Release;
		};
		F6F4A6BA2B7C44F00051D187 /* Debug */ = {
			isa = XCBuildConfiguration;
			buildSettings = {
				ALWAYS_EMBED_SWIFT_STANDARD_LIBRARIES = YES;
				BUNDLE_LOADER = "$(TEST_HOST)";
				CODE_SIGN_STYLE = Automatic;
				CURRENT_PROJECT_VERSION = 1;
				GENERATE_INFOPLIST_FILE = YES;
				IPHONEOS_DEPLOYMENT_TARGET = 17.0;
				MARKETING_VERSION = 1.0;
				PRODUCT_BUNDLE_IDENTIFIER = Felipe.newsTests;
				PRODUCT_NAME = "$(TARGET_NAME)";
				SWIFT_EMIT_LOC_STRINGS = NO;
				SWIFT_VERSION = 5.0;
				TARGETED_DEVICE_FAMILY = "1,2";
				TEST_HOST = "$(BUILT_PRODUCTS_DIR)/news.app/$(BUNDLE_EXECUTABLE_FOLDER_PATH)/news";
			};
			name = Debug;
		};
		F6F4A6BB2B7C44F00051D187 /* Release */ = {
			isa = XCBuildConfiguration;
			buildSettings = {
				ALWAYS_EMBED_SWIFT_STANDARD_LIBRARIES = YES;
				BUNDLE_LOADER = "$(TEST_HOST)";
				CODE_SIGN_STYLE = Automatic;
				CURRENT_PROJECT_VERSION = 1;
				GENERATE_INFOPLIST_FILE = YES;
				IPHONEOS_DEPLOYMENT_TARGET = 17.0;
				MARKETING_VERSION = 1.0;
				PRODUCT_BUNDLE_IDENTIFIER = Felipe.newsTests;
				PRODUCT_NAME = "$(TARGET_NAME)";
				SWIFT_EMIT_LOC_STRINGS = NO;
				SWIFT_VERSION = 5.0;
				TARGETED_DEVICE_FAMILY = "1,2";
				TEST_HOST = "$(BUILT_PRODUCTS_DIR)/news.app/$(BUNDLE_EXECUTABLE_FOLDER_PATH)/news";
			};
			name = Release;
		};
		F6F4A6BD2B7C44F00051D187 /* Debug */ = {
			isa = XCBuildConfiguration;
			buildSettings = {
				ALWAYS_EMBED_SWIFT_STANDARD_LIBRARIES = YES;
				CODE_SIGN_STYLE = Automatic;
				CURRENT_PROJECT_VERSION = 1;
				GENERATE_INFOPLIST_FILE = YES;
				MARKETING_VERSION = 1.0;
				PRODUCT_BUNDLE_IDENTIFIER = Felipe.newsUITests;
				PRODUCT_NAME = "$(TARGET_NAME)";
				SWIFT_EMIT_LOC_STRINGS = NO;
				SWIFT_VERSION = 5.0;
				TARGETED_DEVICE_FAMILY = "1,2";
				TEST_TARGET_NAME = news;
			};
			name = Debug;
		};
		F6F4A6BE2B7C44F00051D187 /* Release */ = {
			isa = XCBuildConfiguration;
			buildSettings = {
				ALWAYS_EMBED_SWIFT_STANDARD_LIBRARIES = YES;
				CODE_SIGN_STYLE = Automatic;
				CURRENT_PROJECT_VERSION = 1;
				GENERATE_INFOPLIST_FILE = YES;
				MARKETING_VERSION = 1.0;
				PRODUCT_BUNDLE_IDENTIFIER = Felipe.newsUITests;
				PRODUCT_NAME = "$(TARGET_NAME)";
				SWIFT_EMIT_LOC_STRINGS = NO;
				SWIFT_VERSION = 5.0;
				TARGETED_DEVICE_FAMILY = "1,2";
				TEST_TARGET_NAME = news;
			};
			name = Release;
		};
/* End XCBuildConfiguration section */

/* Begin XCConfigurationList section */
		F6F4A68D2B7C44EF0051D187 /* Build configuration list for PBXProject "news" */ = {
			isa = XCConfigurationList;
			buildConfigurations = (
				F6F4A6B42B7C44F00051D187 /* Debug */,
				F6F4A6B52B7C44F00051D187 /* Release */,
			);
			defaultConfigurationIsVisible = 0;
			defaultConfigurationName = Release;
		};
		F6F4A6B62B7C44F00051D187 /* Build configuration list for PBXNativeTarget "news" */ = {
			isa = XCConfigurationList;
			buildConfigurations = (
				F6F4A6B72B7C44F00051D187 /* Debug */,
				F6F4A6B82B7C44F00051D187 /* Release */,
			);
			defaultConfigurationIsVisible = 0;
			defaultConfigurationName = Release;
		};
		F6F4A6B92B7C44F00051D187 /* Build configuration list for PBXNativeTarget "newsTests" */ = {
			isa = XCConfigurationList;
			buildConfigurations = (
				F6F4A6BA2B7C44F00051D187 /* Debug */,
				F6F4A6BB2B7C44F00051D187 /* Release */,
			);
			defaultConfigurationIsVisible = 0;
			defaultConfigurationName = Release;
		};
		F6F4A6BC2B7C44F00051D187 /* Build configuration list for PBXNativeTarget "newsUITests" */ = {
			isa = XCConfigurationList;
			buildConfigurations = (
				F6F4A6BD2B7C44F00051D187 /* Debug */,
				F6F4A6BE2B7C44F00051D187 /* Release */,
			);
			defaultConfigurationIsVisible = 0;
			defaultConfigurationName = Release;
		};
/* End XCConfigurationList section */

/* Begin XCRemoteSwiftPackageReference section */
		F6F4A6BF2B7C45AC0051D187 /* XCRemoteSwiftPackageReference "Alamofire" */ = {
			isa = XCRemoteSwiftPackageReference;
			repositoryURL = "https://github.com/Alamofire/Alamofire.git";
			requirement = {
				kind = upToNextMajorVersion;
				minimumVersion = 5.8.1;
			};
		};
		F6F4A6C22B7C45BB0051D187 /* XCRemoteSwiftPackageReference "SDWebImageSwiftUI" */ = {
			isa = XCRemoteSwiftPackageReference;
			repositoryURL = "https://github.com/SDWebImage/SDWebImageSwiftUI.git";
			requirement = {
				kind = upToNextMajorVersion;
				minimumVersion = 2.2.6;
			};
		};
		F6F4A6C52B7C45D80051D187 /* XCRemoteSwiftPackageReference "SwiftyJSON" */ = {
			isa = XCRemoteSwiftPackageReference;
			repositoryURL = "https://github.com/SwiftyJSON/SwiftyJSON.git";
			requirement = {
				kind = upToNextMajorVersion;
				minimumVersion = 5.0.1;
			};
		};
		F6F4A6C82B7C46400051D187 /* XCRemoteSwiftPackageReference "lottie-spm" */ = {
			isa = XCRemoteSwiftPackageReference;
			repositoryURL = "https://github.com/airbnb/lottie-spm.git";
			requirement = {
				kind = upToNextMajorVersion;
				minimumVersion = 4.4.0;
			};
		};
		F6F4A6CB2B7C46B00051D187 /* XCRemoteSwiftPackageReference "SwiftUIFontIcon" */ = {
			isa = XCRemoteSwiftPackageReference;
			repositoryURL = "https://github.com/huybuidac/SwiftUIFontIcon";
			requirement = {
				kind = upToNextMajorVersion;
				minimumVersion = 2.1.0;
			};
		};
/* End XCRemoteSwiftPackageReference section */

/* Begin XCSwiftPackageProductDependency section */
		F6F4A6C02B7C45AC0051D187 /* Alamofire */ = {
			isa = XCSwiftPackageProductDependency;
			package = F6F4A6BF2B7C45AC0051D187 /* XCRemoteSwiftPackageReference "Alamofire" */;
			productName = Alamofire;
		};
		F6F4A6C32B7C45BB0051D187 /* SDWebImageSwiftUI */ = {
			isa = XCSwiftPackageProductDependency;
			package = F6F4A6C22B7C45BB0051D187 /* XCRemoteSwiftPackageReference "SDWebImageSwiftUI" */;
			productName = SDWebImageSwiftUI;
		};
		F6F4A6C62B7C45D80051D187 /* SwiftyJSON */ = {
			isa = XCSwiftPackageProductDependency;
			package = F6F4A6C52B7C45D80051D187 /* XCRemoteSwiftPackageReference "SwiftyJSON" */;
			productName = SwiftyJSON;
		};
		F6F4A6C92B7C46400051D187 /* Lottie */ = {
			isa = XCSwiftPackageProductDependency;
			package = F6F4A6C82B7C46400051D187 /* XCRemoteSwiftPackageReference "lottie-spm" */;
			productName = Lottie;
		};
		F6F4A6CC2B7C46B00051D187 /* SwiftUIFontIcon */ = {
			isa = XCSwiftPackageProductDependency;
			package = F6F4A6CB2B7C46B00051D187 /* XCRemoteSwiftPackageReference "SwiftUIFontIcon" */;
			productName = SwiftUIFontIcon;
		};
/* End XCSwiftPackageProductDependency section */
	};
	rootObject = F6F4A68A2B7C44EF0051D187 /* Project object */;
}
